<?xml version="1.0" encoding="utf-8"?>
<Project ToolsVersion="4.0" xmlns="http://schemas.microsoft.com/developer/msbuild/2003">
  <ItemGroup>
    <Filter Include="Source Files">
      <UniqueIdentifier>{4FC737F1-C7A5-4376-A066-2A32D752A2FF}</UniqueIdentifier>
      <Extensions>cpp;c;cc;cxx;def;odl;idl;hpj;bat;asm;asmx</Extensions>
    </Filter>
    <Filter Include="Resource Files">
      <UniqueIdentifier>{67DA6AB6-F800-4c08-8B7A-83BB121AAD01}</UniqueIdentifier>
      <Extensions>rc;ico;cur;bmp;dlg;rc2;rct;bin;rgs;gif;jpg;jpeg;jpe;resx;tiff;tif;png;wav;mfcribbon-ms</Extensions>
    </Filter>
    <Filter Include="Effects">
      <UniqueIdentifier>{2445e2a7-f5b0-44b1-8015-c8956ca5b875}</UniqueIdentifier>
    </Filter>
    <Filter Include="Utils">
      <UniqueIdentifier>{9db7dcd1-1141-431c-a430-f793edb83932}</UniqueIdentifier>
    </Filter>
    <Filter Include="Particles">
      <UniqueIdentifier>{be78aa53-02fd-40b4-a49e-313380d5ce2e}</UniqueIdentifier>
    </Filter>
    <Filter Include="Particles\Emitters">
      <UniqueIdentifier>{8071db76-82f7-46af-b5d1-95cb8f524b57}</UniqueIdentifier>
    </Filter>
    <Filter Include="Objects">
      <UniqueIdentifier>{fef49c05-7d6d-4e22-bca5-5c5c7c623647}</UniqueIdentifier>
    </Filter>
    <Filter Include="Techs">
      <UniqueIdentifier>{47740150-22c4-4536-b191-35d100e83180}</UniqueIdentifier>
    </Filter>
  </ItemGroup>
  <ItemGroup>
    <ClInclude Include="Source\Utils\Timer.h">
      <Filter>Utils</Filter>
    </ClInclude>
    <ClInclude Include="Source\Particles\ParticleManager.h">
      <Filter>Particles</Filter>
    </ClInclude>
    <ClInclude Include="Source\Particles\stdafx.h">
      <Filter>Particles</Filter>
    </ClInclude>
    <ClInclude Include="Source\Particles\Emitters\stdafx.h">
      <Filter>Particles\Emitters</Filter>
    </ClInclude>
    <ClInclude Include="Source\Objects\GObjectControl.h">
      <Filter>Objects</Filter>
    </ClInclude>
    <ClInclude Include="Source\Objects\IGObject.h">
      <Filter>Objects</Filter>
    </ClInclude>
    <ClInclude Include="Source\Objects\GBaseObject.h">
      <Filter>Objects</Filter>
    </ClInclude>
    <ClInclude Include="Source\Objects\stdafx.h">
      <Filter>Objects</Filter>
    </ClInclude>
    <ClInclude Include="Source\Techs\BaseTechnique.h">
      <Filter>Techs</Filter>
    </ClInclude>
    <ClInclude Include="Source\Techs\TechniqueManager.h">
      <Filter>Techs</Filter>
    </ClInclude>
    <ClInclude Include="Source\Techs\ITechnique.h">
      <Filter>Techs</Filter>
    </ClInclude>
    <ClInclude Include="Source\Techs\stdafx.h">
      <Filter>Techs</Filter>
    </ClInclude>
    <ClInclude Include="Source\Utils\stdafx.h">
      <Filter>Utils</Filter>
    </ClInclude>
    <ClInclude Include="Source\VulkanRenderer.h">
      <Filter>Source Files</Filter>
    </ClInclude>
    <ClInclude Include="Source\Camera.h">
      <Filter>Source Files</Filter>
    </ClInclude>
    <ClInclude Include="Source\Engine.h">
      <Filter>Source Files</Filter>
    </ClInclude>
    <ClInclude Include="Source\InputsListener.h">
      <Filter>Source Files</Filter>
    </ClInclude>
    <ClInclude Include="Source\PxManager.h">
      <Filter>Source Files</Filter>
    </ClInclude>
    <ClInclude Include="Source\stdafx.h">
      <Filter>Source Files</Filter>
    </ClInclude>
    <ClInclude Include="Source\Techs\ParticleBaseTechnique.h" />
    <ClInclude Include="Source\Utils\ImageUtils.h" />
    <ClInclude Include="Source\Utils\ShaderUtils.h">
      <Filter>Techs</Filter>
    </ClInclude>
    <ClInclude Include="Source\DescriptorManager.h" />
    <ClInclude Include="Source\Particles\ParticleTextureManager.h" />
    <ClInclude Include="Source\Particles\Emitters\BaseEmitter.h">
      <Filter>Particles\Emitters</Filter>
    </ClInclude>
    <ClInclude Include="Source\Techs\ParticleTechniques.h" />
  </ItemGroup>
  <ItemGroup>
    <ClCompile Include="Source\Utils\Timer.cpp">
      <Filter>Utils</Filter>
    </ClCompile>
    <ClCompile Include="Source\Camera.cpp">
      <Filter>Source Files</Filter>
    </ClCompile>
    <ClCompile Include="Source\Engine.cpp">
      <Filter>Source Files</Filter>
    </ClCompile>
    <ClCompile Include="Source\InputsListener.cpp">
      <Filter>Source Files</Filter>
    </ClCompile>
    <ClCompile Include="Source\PxManager.cpp">
      <Filter>Source Files</Filter>
    </ClCompile>
    <ClCompile Include="Source\stdafx.cpp">
      <Filter>Source Files</Filter>
    </ClCompile>
    <ClCompile Include="Source\Vulkan_Particles.cpp">
      <Filter>Source Files</Filter>
    </ClCompile>
    <ClCompile Include="Source\VulkanRenderer.cpp">
      <Filter>Source Files</Filter>
    </ClCompile>
    <ClCompile Include="Source\Particles\ParticleManager.cpp">
      <Filter>Particles</Filter>
    </ClCompile>
    <ClCompile Include="Source\Objects\IGObject.cpp">
      <Filter>Objects</Filter>
    </ClCompile>
    <ClCompile Include="Source\Objects\GObjectControl.cpp">
      <Filter>Objects</Filter>
    </ClCompile>
    <ClCompile Include="Source\Objects\GBaseObject.cpp">
      <Filter>Objects</Filter>
    </ClCompile>
    <ClCompile Include="Source\Techs\ITechnique.cpp">
      <Filter>Techs</Filter>
    </ClCompile>
    <ClCompile Include="Source\Techs\BaseTechnique.cpp">
      <Filter>Techs</Filter>
    </ClCompile>
    <ClCompile Include="Source\Techs\TechniqueManager.cpp">
      <Filter>Techs</Filter>
    </ClCompile>
    <ClCompile Include="Source\Techs\ParticleBaseTechnique.cpp">
      <Filter>Source Files</Filter>
    </ClCompile>
    <ClCompile Include="Source\Utils\ImageUtils.cpp">
      <Filter>Source Files</Filter>
    </ClCompile>
    <ClCompile Include="Source\Utils\ShaderUtils.cpp">
      <Filter>Techs</Filter>
    </ClCompile>
    <ClCompile Include="Source\DescriptorManager.cpp">
      <Filter>Source Files</Filter>
    </ClCompile>
    <ClCompile Include="Source\Particles\ParticleTextureManager.cpp">
      <Filter>Source Files</Filter>
    </ClCompile>
    <ClCompile Include="Source\Particles\Emitters\BaseEmitter.cpp">
      <Filter>Particles\Emitters</Filter>
    </ClCompile>
    <ClCompile Include="Source\Techs\ParticleTechniques.cpp">
      <Filter>Source Files</Filter>
    </ClCompile>
  </ItemGroup>
  <ItemGroup>
    <None Include="Effects\baseEffect.vert">
      <Filter>Effects</Filter>
    </None>
    <None Include="Effects\source\baseEffect.frag" />
    <None Include="Effects\source\baseEffect.vert" />
    <None Include="Effects\compile.bat">
      <Filter>Source Files</Filter>
    </None>
    <None Include="Effects\glslangValidator.exe" />
    <None Include="Effects\source\particleEffect.frag" />
    <None Include="Effects\source\particleEffect.geom" />
    <None Include="Effects\source\particleEffect.vert" />
  </ItemGroup>
</Project>